// !$*UTF8*$!
{
	archiveVersion = 1;
	classes = {
	};
	objectVersion = 54;
	objects = {

/* Begin PBXBuildFile section */
		00E356F31AD99517003FC87E /* ALSConnectTests.m in Sources */ = {isa = PBXBuildFile; fileRef = 00E356F21AD99517003FC87E /* ALSConnectTests.m */; };
		13B07FBC1A68108700A75B9A /* AppDelegate.m in Sources */ = {isa = PBXBuildFile; fileRef = 13B07FB01A68108700A75B9A /* AppDelegate.m */; };
		13B07FBF1A68108700A75B9A /* Images.xcassets in Resources */ = {isa = PBXBuildFile; fileRef = 13B07FB51A68108700A75B9A /* Images.xcassets */; };
		13B07FC11A68108700A75B9A /* main.m in Sources */ = {isa = PBXBuildFile; fileRef = 13B07FB71A68108700A75B9A /* main.m */; };
		81AB9BB82411601600AC10FF /* LaunchScreen.storyboard in Resources */ = {isa = PBXBuildFile; fileRef = 81AB9BB72411601600AC10FF /* LaunchScreen.storyboard */; };
		4A3B1D00F53546EEAA505AA3 /* OpenSans-Bold.ttf in Resources */ = {isa = PBXBuildFile; fileRef = CA944A680777484C881996EF /* OpenSans-Bold.ttf */; };
		791EC12B4DA846DF90788B3F /* OpenSans-Regular.ttf in Resources */ = {isa = PBXBuildFile; fileRef = 387F02BA10E84505B2D5DA7F /* OpenSans-Regular.ttf */; };
		A935545497F148E786FD9B35 /* Poppins-Black.ttf in Resources */ = {isa = PBXBuildFile; fileRef = 598E41C1305E48B1B87CA17E /* Poppins-Black.ttf */; };
		65C657AE9BCE494C8D85F274 /* Poppins-BlackItalic.ttf in Resources */ = {isa = PBXBuildFile; fileRef = 1CA6DC50AA89423F90D37381 /* Poppins-BlackItalic.ttf */; };
		0A6C71FE98C64F50BF7401D5 /* Poppins-Bold.ttf in Resources */ = {isa = PBXBuildFile; fileRef = 49D49CA47C3546CD8D3D69C2 /* Poppins-Bold.ttf */; };
		93FF872C41394CCFBA42FBCB /* Poppins-BoldItalic.ttf in Resources */ = {isa = PBXBuildFile; fileRef = BFCC26CE383C49158821EE7F /* Poppins-BoldItalic.ttf */; };
		21E034E81AF048DD965B57DA /* Poppins-ExtraBold.ttf in Resources */ = {isa = PBXBuildFile; fileRef = 632DAA62F043449EB28ACD52 /* Poppins-ExtraBold.ttf */; };
		A2BFECF6B1314EA9A26FAD1A /* Poppins-ExtraBoldItalic.ttf in Resources */ = {isa = PBXBuildFile; fileRef = 489C688996B24D13AF910C2E /* Poppins-ExtraBoldItalic.ttf */; };
		E3D8013F9F7248E5A4A77F6E /* Poppins-ExtraLight.ttf in Resources */ = {isa = PBXBuildFile; fileRef = CFB0881A81404DFF9B8152EB /* Poppins-ExtraLight.ttf */; };
		78CFC9F58766425C8F0EFCD0 /* Poppins-ExtraLightItalic.ttf in Resources */ = {isa = PBXBuildFile; fileRef = BAB41D6CD832433EBFD06EC4 /* Poppins-ExtraLightItalic.ttf */; };
		537994A1413E4A9FB16ADB3E /* Poppins-Italic.ttf in Resources */ = {isa = PBXBuildFile; fileRef = 298BEA74C5024573B84645D2 /* Poppins-Italic.ttf */; };
		B84465409F384538B9A24FD7 /* Poppins-Light.ttf in Resources */ = {isa = PBXBuildFile; fileRef = B1D900238E4B42F791A8C2FA /* Poppins-Light.ttf */; };
		C5F3992296A34F1C9240B345 /* Poppins-LightItalic.ttf in Resources */ = {isa = PBXBuildFile; fileRef = D9CFA9148E3844549C7252EC /* Poppins-LightItalic.ttf */; };
		D47206E1DCA74D9C8A232CF5 /* Poppins-Medium.ttf in Resources */ = {isa = PBXBuildFile; fileRef = F7BBCD15E38A4530A9C34093 /* Poppins-Medium.ttf */; };
		45C5273A2BA54FFE80CF6FF3 /* Poppins-MediumItalic.ttf in Resources */ = {isa = PBXBuildFile; fileRef = D9896B103FE4491598EC5533 /* Poppins-MediumItalic.ttf */; };
		447F0D36F3BE418B849EFFC7 /* Poppins-Regular.ttf in Resources */ = {isa = PBXBuildFile; fileRef = A19F31DE904242AD8EF76722 /* Poppins-Regular.ttf */; };
		C865097338A949C894689FD3 /* Poppins-SemiBold.ttf in Resources */ = {isa = PBXBuildFile; fileRef = 82567ABBFB33457295F576EB /* Poppins-SemiBold.ttf */; };
		23357685F4234F50827B35EA /* Poppins-SemiBoldItalic.ttf in Resources */ = {isa = PBXBuildFile; fileRef = 648EF8817A91493CB1B07AE5 /* Poppins-SemiBoldItalic.ttf */; };
		541E5132A1344EAE83A23F6A /* Poppins-Thin.ttf in Resources */ = {isa = PBXBuildFile; fileRef = 0D37FCBCD9F74C4E966D6519 /* Poppins-Thin.ttf */; };
		2720ED2DF9BC4B2CA4CFE7FB /* Poppins-ThinItalic.ttf in Resources */ = {isa = PBXBuildFile; fileRef = B2CF8E2C5B094FD5AD8B1A1E /* Poppins-ThinItalic.ttf */; };
		DB080462E1D94299B316D6D0 /* Roboto-Black.ttf in Resources */ = {isa = PBXBuildFile; fileRef = 56A4148350E4424091B12ADB /* Roboto-Black.ttf */; };
		4B534D4F590042058E1B3130 /* Roboto-BlackItalic.ttf in Resources */ = {isa = PBXBuildFile; fileRef = 0B6CD4C40D424E0A8D254FAA /* Roboto-BlackItalic.ttf */; };
		F8B68A93FD2E4AF2902407E9 /* Roboto-Bold.ttf in Resources */ = {isa = PBXBuildFile; fileRef = A75D4C7DD55D4C5CB9696246 /* Roboto-Bold.ttf */; };
		8D8967FE43A243B596722B26 /* Roboto-BoldItalic.ttf in Resources */ = {isa = PBXBuildFile; fileRef = 4517379153EA44FAABDB7CEC /* Roboto-BoldItalic.ttf */; };
		3B0AA4D19A9042D69872371A /* Roboto-Italic.ttf in Resources */ = {isa = PBXBuildFile; fileRef = 7CDF88A88FA7457B81066412 /* Roboto-Italic.ttf */; };
		0854C9D043F843BAAE9CF7F5 /* Roboto-Light.ttf in Resources */ = {isa = PBXBuildFile; fileRef = 944A2746CF5E48A99FE8D5A8 /* Roboto-Light.ttf */; };
		88E069295DAC4C918A5DEA9D /* Roboto-LightItalic.ttf in Resources */ = {isa = PBXBuildFile; fileRef = 02FABA6EC616485DB64A5AC8 /* Roboto-LightItalic.ttf */; };
		926BECA4B0254B74AABFA171 /* Roboto-Medium.ttf in Resources */ = {isa = PBXBuildFile; fileRef = B2FCBCCD117747A0BB8D785A /* Roboto-Medium.ttf */; };
		E7B53585830742E5A35717F5 /* Roboto-MediumItalic.ttf in Resources */ = {isa = PBXBuildFile; fileRef = 0EAB985790AE4260B56DBF34 /* Roboto-MediumItalic.ttf */; };
		BCEA130780A1406CBD10A2FF /* Roboto-Regular.ttf in Resources */ = {isa = PBXBuildFile; fileRef = 6A2E6EDD11A34334B0568279 /* Roboto-Regular.ttf */; };
		81214AE19D48448B9362E0F8 /* Roboto-Thin.ttf in Resources */ = {isa = PBXBuildFile; fileRef = 940855431ADD4A53B09F461D /* Roboto-Thin.ttf */; };
		0468EC54E984453287C0F1F8 /* Roboto-ThinItalic.ttf in Resources */ = {isa = PBXBuildFile; fileRef = EEEB3F2DAA6F40C8AA8EC279 /* Roboto-ThinItalic.ttf */; };
		201BB9AD6E224086AA842F5B /* RobotoCondensed-Bold.ttf in Resources */ = {isa = PBXBuildFile; fileRef = D8FFAEF385A04696B43CEA20 /* RobotoCondensed-Bold.ttf */; };
		DFF664F15FA748C29A594C70 /* RobotoCondensed-BoldItalic.ttf in Resources */ = {isa = PBXBuildFile; fileRef = 52512FF547EA4EA4939BE3A5 /* RobotoCondensed-BoldItalic.ttf */; };
		F73C690A37DE4B75A34B4AEE /* RobotoCondensed-Italic.ttf in Resources */ = {isa = PBXBuildFile; fileRef = 0F14141EC46548FE8F1D256B /* RobotoCondensed-Italic.ttf */; };
		818F8CE77F424E1BA94CD795 /* RobotoCondensed-Light.ttf in Resources */ = {isa = PBXBuildFile; fileRef = 42076E323857485A88078F47 /* RobotoCondensed-Light.ttf */; };
		219ECD8C7DDE491CAAA21BBC /* RobotoCondensed-LightItalic.ttf in Resources */ = {isa = PBXBuildFile; fileRef = 7953319E0CE74280ADA57C35 /* RobotoCondensed-LightItalic.ttf */; };
		890F1D05A3424E4996587391 /* RobotoCondensed-Regular.ttf in Resources */ = {isa = PBXBuildFile; fileRef = EFE0D5E3ADAF46CE94B0C489 /* RobotoCondensed-Regular.ttf */; };
		3252F1167E784B8281E742BA /* Rubik-Black.ttf in Resources */ = {isa = PBXBuildFile; fileRef = 7C50A458A6D646FB940C8EB3 /* Rubik-Black.ttf */; };
		0F86257EC7304219B9A25FEB /* Rubik-Bold.ttf in Resources */ = {isa = PBXBuildFile; fileRef = 70C2EC188ED44788A796E8EB /* Rubik-Bold.ttf */; };
		F00870E5858341D9AC7253C3 /* Rubik-Italic.ttf in Resources */ = {isa = PBXBuildFile; fileRef = 48E235EFCADC47889772AFA1 /* Rubik-Italic.ttf */; };
		8DA05C3558834EBF8124491F /* Rubik-Light.ttf in Resources */ = {isa = PBXBuildFile; fileRef = 37013322C82D4D9AAF09602D /* Rubik-Light.ttf */; };
		324E949D1D4641689C3A8D58 /* Rubik-Medium.ttf in Resources */ = {isa = PBXBuildFile; fileRef = 1356511EF83B49BF91E7B5CE /* Rubik-Medium.ttf */; };
		34FB41EFA53C43C283F6CC9B /* Rubik-Regular.ttf in Resources */ = {isa = PBXBuildFile; fileRef = 94B5DB0D19CF4BD98CCD462C /* Rubik-Regular.ttf */; };
		50E242D0B2674467AF03F2F3 /* AntDesign.ttf in Resources */ = {isa = PBXBuildFile; fileRef = 5E17423CDE9C498FA55D1A88 /* AntDesign.ttf */; };
		761736A55485476CB8D6B3E6 /* Entypo.ttf in Resources */ = {isa = PBXBuildFile; fileRef = AD604B112AEE480E89FD243D /* Entypo.ttf */; };
		A558C76979B44E5D8EC72221 /* EvilIcons.ttf in Resources */ = {isa = PBXBuildFile; fileRef = A6FEB78265904D86A241F0F6 /* EvilIcons.ttf */; };
		8304AC075DE84FB99EE25CD9 /* Feather.ttf in Resources */ = {isa = PBXBuildFile; fileRef = BBFB46F791934072886B4EB6 /* Feather.ttf */; };
		0ECB40840F7A4F8D816BE693 /* FontAwesome.ttf in Resources */ = {isa = PBXBuildFile; fileRef = 44B60E411B6E4E369117EAFF /* FontAwesome.ttf */; };
		1C0B716BBAD140018BE8CB98 /* FontAwesome5_Brands.ttf in Resources */ = {isa = PBXBuildFile; fileRef = 28095205EE184429AA1D9389 /* FontAwesome5_Brands.ttf */; };
		3188CD278D3F4623B0AC83CE /* FontAwesome5_Regular.ttf in Resources */ = {isa = PBXBuildFile; fileRef = 598D9309B66547BF9712845D /* FontAwesome5_Regular.ttf */; };
		44059A5AD84D46F690CD2460 /* FontAwesome5_Solid.ttf in Resources */ = {isa = PBXBuildFile; fileRef = 04CF67D93A48434C81820744 /* FontAwesome5_Solid.ttf */; };
		3C29F2E110674EFF8D28FB5C /* Fontisto.ttf in Resources */ = {isa = PBXBuildFile; fileRef = 54553072774E49A8A2B6DC40 /* Fontisto.ttf */; };
		1C18FA29D72E472792527DD5 /* Foundation.ttf in Resources */ = {isa = PBXBuildFile; fileRef = D04B0683A9B54351AAC586E5 /* Foundation.ttf */; };
		E283AF7A0767410D9A2C9804 /* Ionicons.ttf in Resources */ = {isa = PBXBuildFile; fileRef = 332342DB7C9740BEAC1E26BA /* Ionicons.ttf */; };
		C5592C9CBB674139926C9FC8 /* MaterialCommunityIcons.ttf in Resources */ = {isa = PBXBuildFile; fileRef = 2F422F8EE93E45E6BCBFBF88 /* MaterialCommunityIcons.ttf */; };
		F0D8F2CCDE6241F582EF541F /* MaterialIcons.ttf in Resources */ = {isa = PBXBuildFile; fileRef = C68CF1F3E2874B588261422B /* MaterialIcons.ttf */; };
		024D0EE0603642F2BF098276 /* Octicons.ttf in Resources */ = {isa = PBXBuildFile; fileRef = C5AA1CA94D2643C790DA77A6 /* Octicons.ttf */; };
		8BA8EF486E6245BEA63CB5D5 /* SimpleLineIcons.ttf in Resources */ = {isa = PBXBuildFile; fileRef = 6A75B4B8A9404C22AE9CD8ED /* SimpleLineIcons.ttf */; };
		C82BCDA658BA46D5AFDC0EA4 /* Zocial.ttf in Resources */ = {isa = PBXBuildFile; fileRef = 76DEA43AEEF44C82AC250E61 /* Zocial.ttf */; };
/* End PBXBuildFile section */

/* Begin PBXContainerItemProxy section */
		00E356F41AD99517003FC87E /* PBXContainerItemProxy */ = {
			isa = PBXContainerItemProxy;
			containerPortal = 83CBB9F71A601CBA00E9B192 /* Project object */;
			proxyType = 1;
			remoteGlobalIDString = 13B07F861A680F5B00A75B9A;
			remoteInfo = ALSConnect;
		};
/* End PBXContainerItemProxy section */

/* Begin PBXFileReference section */
		00E356EE1AD99517003FC87E /* ALSConnectTests.xctest */ = {isa = PBXFileReference; explicitFileType = wrapper.cfbundle; includeInIndex = 0; path = ALSConnectTests.xctest; sourceTree = BUILT_PRODUCTS_DIR; };
		00E356F11AD99517003FC87E /* Info.plist */ = {isa = PBXFileReference; lastKnownFileType = text.plist.xml; path = Info.plist; sourceTree = "<group>"; };
		00E356F21AD99517003FC87E /* ALSConnectTests.m */ = {isa = PBXFileReference; lastKnownFileType = sourcecode.c.objc; path = ALSConnectTests.m; sourceTree = "<group>"; };
		13B07F961A680F5B00A75B9A /* ALSConnect.app */ = {isa = PBXFileReference; explicitFileType = wrapper.application; includeInIndex = 0; path = ALSConnect.app; sourceTree = BUILT_PRODUCTS_DIR; };
		13B07FAF1A68108700A75B9A /* AppDelegate.h */ = {isa = PBXFileReference; fileEncoding = 4; lastKnownFileType = sourcecode.c.h; name = AppDelegate.h; path = ALSConnect/AppDelegate.h; sourceTree = "<group>"; };
		13B07FB01A68108700A75B9A /* AppDelegate.m */ = {isa = PBXFileReference; fileEncoding = 4; lastKnownFileType = sourcecode.c.objc; name = AppDelegate.m; path = ALSConnect/AppDelegate.m; sourceTree = "<group>"; };
		13B07FB51A68108700A75B9A /* Images.xcassets */ = {isa = PBXFileReference; lastKnownFileType = folder.assetcatalog; name = Images.xcassets; path = ALSConnect/Images.xcassets; sourceTree = "<group>"; };
		13B07FB61A68108700A75B9A /* Info.plist */ = {isa = PBXFileReference; fileEncoding = 4; lastKnownFileType = text.plist.xml; name = Info.plist; path = ALSConnect/Info.plist; sourceTree = "<group>"; };
		13B07FB71A68108700A75B9A /* main.m */ = {isa = PBXFileReference; fileEncoding = 4; lastKnownFileType = sourcecode.c.objc; name = main.m; path = ALSConnect/main.m; sourceTree = "<group>"; };
		81AB9BB72411601600AC10FF /* LaunchScreen.storyboard */ = {isa = PBXFileReference; fileEncoding = 4; lastKnownFileType = file.storyboard; name = LaunchScreen.storyboard; path = ALSConnect/LaunchScreen.storyboard; sourceTree = "<group>"; };
		ED297162215061F000B7C4FE /* JavaScriptCore.framework */ = {isa = PBXFileReference; lastKnownFileType = wrapper.framework; name = JavaScriptCore.framework; path = System/Library/Frameworks/JavaScriptCore.framework; sourceTree = SDKROOT; };
		CA944A680777484C881996EF /* OpenSans-Bold.ttf */ = {isa = PBXFileReference; name = "OpenSans-Bold.ttf"; path = "../assets/fonts/OpenSans-Bold.ttf"; sourceTree = "<group>"; fileEncoding = undefined; lastKnownFileType = unknown; explicitFileType = undefined; includeInIndex = 0; };
		387F02BA10E84505B2D5DA7F /* OpenSans-Regular.ttf */ = {isa = PBXFileReference; name = "OpenSans-Regular.ttf"; path = "../assets/fonts/OpenSans-Regular.ttf"; sourceTree = "<group>"; fileEncoding = undefined; lastKnownFileType = unknown; explicitFileType = undefined; includeInIndex = 0; };
		598E41C1305E48B1B87CA17E /* Poppins-Black.ttf */ = {isa = PBXFileReference; name = "Poppins-Black.ttf"; path = "../assets/fonts/Poppins-Black.ttf"; sourceTree = "<group>"; fileEncoding = undefined; lastKnownFileType = unknown; explicitFileType = undefined; includeInIndex = 0; };
		1CA6DC50AA89423F90D37381 /* Poppins-BlackItalic.ttf */ = {isa = PBXFileReference; name = "Poppins-BlackItalic.ttf"; path = "../assets/fonts/Poppins-BlackItalic.ttf"; sourceTree = "<group>"; fileEncoding = undefined; lastKnownFileType = unknown; explicitFileType = undefined; includeInIndex = 0; };
		49D49CA47C3546CD8D3D69C2 /* Poppins-Bold.ttf */ = {isa = PBXFileReference; name = "Poppins-Bold.ttf"; path = "../assets/fonts/Poppins-Bold.ttf"; sourceTree = "<group>"; fileEncoding = undefined; lastKnownFileType = unknown; explicitFileType = undefined; includeInIndex = 0; };
		BFCC26CE383C49158821EE7F /* Poppins-BoldItalic.ttf */ = {isa = PBXFileReference; name = "Poppins-BoldItalic.ttf"; path = "../assets/fonts/Poppins-BoldItalic.ttf"; sourceTree = "<group>"; fileEncoding = undefined; lastKnownFileType = unknown; explicitFileType = undefined; includeInIndex = 0; };
		632DAA62F043449EB28ACD52 /* Poppins-ExtraBold.ttf */ = {isa = PBXFileReference; name = "Poppins-ExtraBold.ttf"; path = "../assets/fonts/Poppins-ExtraBold.ttf"; sourceTree = "<group>"; fileEncoding = undefined; lastKnownFileType = unknown; explicitFileType = undefined; includeInIndex = 0; };
		489C688996B24D13AF910C2E /* Poppins-ExtraBoldItalic.ttf */ = {isa = PBXFileReference; name = "Poppins-ExtraBoldItalic.ttf"; path = "../assets/fonts/Poppins-ExtraBoldItalic.ttf"; sourceTree = "<group>"; fileEncoding = undefined; lastKnownFileType = unknown; explicitFileType = undefined; includeInIndex = 0; };
		CFB0881A81404DFF9B8152EB /* Poppins-ExtraLight.ttf */ = {isa = PBXFileReference; name = "Poppins-ExtraLight.ttf"; path = "../assets/fonts/Poppins-ExtraLight.ttf"; sourceTree = "<group>"; fileEncoding = undefined; lastKnownFileType = unknown; explicitFileType = undefined; includeInIndex = 0; };
		BAB41D6CD832433EBFD06EC4 /* Poppins-ExtraLightItalic.ttf */ = {isa = PBXFileReference; name = "Poppins-ExtraLightItalic.ttf"; path = "../assets/fonts/Poppins-ExtraLightItalic.ttf"; sourceTree = "<group>"; fileEncoding = undefined; lastKnownFileType = unknown; explicitFileType = undefined; includeInIndex = 0; };
		298BEA74C5024573B84645D2 /* Poppins-Italic.ttf */ = {isa = PBXFileReference; name = "Poppins-Italic.ttf"; path = "../assets/fonts/Poppins-Italic.ttf"; sourceTree = "<group>"; fileEncoding = undefined; lastKnownFileType = unknown; explicitFileType = undefined; includeInIndex = 0; };
		B1D900238E4B42F791A8C2FA /* Poppins-Light.ttf */ = {isa = PBXFileReference; name = "Poppins-Light.ttf"; path = "../assets/fonts/Poppins-Light.ttf"; sourceTree = "<group>"; fileEncoding = undefined; lastKnownFileType = unknown; explicitFileType = undefined; includeInIndex = 0; };
		D9CFA9148E3844549C7252EC /* Poppins-LightItalic.ttf */ = {isa = PBXFileReference; name = "Poppins-LightItalic.ttf"; path = "../assets/fonts/Poppins-LightItalic.ttf"; sourceTree = "<group>"; fileEncoding = undefined; lastKnownFileType = unknown; explicitFileType = undefined; includeInIndex = 0; };
		F7BBCD15E38A4530A9C34093 /* Poppins-Medium.ttf */ = {isa = PBXFileReference; name = "Poppins-Medium.ttf"; path = "../assets/fonts/Poppins-Medium.ttf"; sourceTree = "<group>"; fileEncoding = undefined; lastKnownFileType = unknown; explicitFileType = undefined; includeInIndex = 0; };
		D9896B103FE4491598EC5533 /* Poppins-MediumItalic.ttf */ = {isa = PBXFileReference; name = "Poppins-MediumItalic.ttf"; path = "../assets/fonts/Poppins-MediumItalic.ttf"; sourceTree = "<group>"; fileEncoding = undefined; lastKnownFileType = unknown; explicitFileType = undefined; includeInIndex = 0; };
		A19F31DE904242AD8EF76722 /* Poppins-Regular.ttf */ = {isa = PBXFileReference; name = "Poppins-Regular.ttf"; path = "../assets/fonts/Poppins-Regular.ttf"; sourceTree = "<group>"; fileEncoding = undefined; lastKnownFileType = unknown; explicitFileType = undefined; includeInIndex = 0; };
		82567ABBFB33457295F576EB /* Poppins-SemiBold.ttf */ = {isa = PBXFileReference; name = "Poppins-SemiBold.ttf"; path = "../assets/fonts/Poppins-SemiBold.ttf"; sourceTree = "<group>"; fileEncoding = undefined; lastKnownFileType = unknown; explicitFileType = undefined; includeInIndex = 0; };
		648EF8817A91493CB1B07AE5 /* Poppins-SemiBoldItalic.ttf */ = {isa = PBXFileReference; name = "Poppins-SemiBoldItalic.ttf"; path = "../assets/fonts/Poppins-SemiBoldItalic.ttf"; sourceTree = "<group>"; fileEncoding = undefined; lastKnownFileType = unknown; explicitFileType = undefined; includeInIndex = 0; };
		0D37FCBCD9F74C4E966D6519 /* Poppins-Thin.ttf */ = {isa = PBXFileReference; name = "Poppins-Thin.ttf"; path = "../assets/fonts/Poppins-Thin.ttf"; sourceTree = "<group>"; fileEncoding = undefined; lastKnownFileType = unknown; explicitFileType = undefined; includeInIndex = 0; };
		B2CF8E2C5B094FD5AD8B1A1E /* Poppins-ThinItalic.ttf */ = {isa = PBXFileReference; name = "Poppins-ThinItalic.ttf"; path = "../assets/fonts/Poppins-ThinItalic.ttf"; sourceTree = "<group>"; fileEncoding = undefined; lastKnownFileType = unknown; explicitFileType = undefined; includeInIndex = 0; };
		56A4148350E4424091B12ADB /* Roboto-Black.ttf */ = {isa = PBXFileReference; name = "Roboto-Black.ttf"; path = "../assets/fonts/Roboto-Black.ttf"; sourceTree = "<group>"; fileEncoding = undefined; lastKnownFileType = unknown; explicitFileType = undefined; includeInIndex = 0; };
		0B6CD4C40D424E0A8D254FAA /* Roboto-BlackItalic.ttf */ = {isa = PBXFileReference; name = "Roboto-BlackItalic.ttf"; path = "../assets/fonts/Roboto-BlackItalic.ttf"; sourceTree = "<group>"; fileEncoding = undefined; lastKnownFileType = unknown; explicitFileType = undefined; includeInIndex = 0; };
		A75D4C7DD55D4C5CB9696246 /* Roboto-Bold.ttf */ = {isa = PBXFileReference; name = "Roboto-Bold.ttf"; path = "../assets/fonts/Roboto-Bold.ttf"; sourceTree = "<group>"; fileEncoding = undefined; lastKnownFileType = unknown; explicitFileType = undefined; includeInIndex = 0; };
		4517379153EA44FAABDB7CEC /* Roboto-BoldItalic.ttf */ = {isa = PBXFileReference; name = "Roboto-BoldItalic.ttf"; path = "../assets/fonts/Roboto-BoldItalic.ttf"; sourceTree = "<group>"; fileEncoding = undefined; lastKnownFileType = unknown; explicitFileType = undefined; includeInIndex = 0; };
		7CDF88A88FA7457B81066412 /* Roboto-Italic.ttf */ = {isa = PBXFileReference; name = "Roboto-Italic.ttf"; path = "../assets/fonts/Roboto-Italic.ttf"; sourceTree = "<group>"; fileEncoding = undefined; lastKnownFileType = unknown; explicitFileType = undefined; includeInIndex = 0; };
		944A2746CF5E48A99FE8D5A8 /* Roboto-Light.ttf */ = {isa = PBXFileReference; name = "Roboto-Light.ttf"; path = "../assets/fonts/Roboto-Light.ttf"; sourceTree = "<group>"; fileEncoding = undefined; lastKnownFileType = unknown; explicitFileType = undefined; includeInIndex = 0; };
		02FABA6EC616485DB64A5AC8 /* Roboto-LightItalic.ttf */ = {isa = PBXFileReference; name = "Roboto-LightItalic.ttf"; path = "../assets/fonts/Roboto-LightItalic.ttf"; sourceTree = "<group>"; fileEncoding = undefined; lastKnownFileType = unknown; explicitFileType = undefined; includeInIndex = 0; };
		B2FCBCCD117747A0BB8D785A /* Roboto-Medium.ttf */ = {isa = PBXFileReference; name = "Roboto-Medium.ttf"; path = "../assets/fonts/Roboto-Medium.ttf"; sourceTree = "<group>"; fileEncoding = undefined; lastKnownFileType = unknown; explicitFileType = undefined; includeInIndex = 0; };
		0EAB985790AE4260B56DBF34 /* Roboto-MediumItalic.ttf */ = {isa = PBXFileReference; name = "Roboto-MediumItalic.ttf"; path = "../assets/fonts/Roboto-MediumItalic.ttf"; sourceTree = "<group>"; fileEncoding = undefined; lastKnownFileType = unknown; explicitFileType = undefined; includeInIndex = 0; };
		6A2E6EDD11A34334B0568279 /* Roboto-Regular.ttf */ = {isa = PBXFileReference; name = "Roboto-Regular.ttf"; path = "../assets/fonts/Roboto-Regular.ttf"; sourceTree = "<group>"; fileEncoding = undefined; lastKnownFileType = unknown; explicitFileType = undefined; includeInIndex = 0; };
		940855431ADD4A53B09F461D /* Roboto-Thin.ttf */ = {isa = PBXFileReference; name = "Roboto-Thin.ttf"; path = "../assets/fonts/Roboto-Thin.ttf"; sourceTree = "<group>"; fileEncoding = undefined; lastKnownFileType = unknown; explicitFileType = undefined; includeInIndex = 0; };
		EEEB3F2DAA6F40C8AA8EC279 /* Roboto-ThinItalic.ttf */ = {isa = PBXFileReference; name = "Roboto-ThinItalic.ttf"; path = "../assets/fonts/Roboto-ThinItalic.ttf"; sourceTree = "<group>"; fileEncoding = undefined; lastKnownFileType = unknown; explicitFileType = undefined; includeInIndex = 0; };
		D8FFAEF385A04696B43CEA20 /* RobotoCondensed-Bold.ttf */ = {isa = PBXFileReference; name = "RobotoCondensed-Bold.ttf"; path = "../assets/fonts/RobotoCondensed-Bold.ttf"; sourceTree = "<group>"; fileEncoding = undefined; lastKnownFileType = unknown; explicitFileType = undefined; includeInIndex = 0; };
		52512FF547EA4EA4939BE3A5 /* RobotoCondensed-BoldItalic.ttf */ = {isa = PBXFileReference; name = "RobotoCondensed-BoldItalic.ttf"; path = "../assets/fonts/RobotoCondensed-BoldItalic.ttf"; sourceTree = "<group>"; fileEncoding = undefined; lastKnownFileType = unknown; explicitFileType = undefined; includeInIndex = 0; };
		0F14141EC46548FE8F1D256B /* RobotoCondensed-Italic.ttf */ = {isa = PBXFileReference; name = "RobotoCondensed-Italic.ttf"; path = "../assets/fonts/RobotoCondensed-Italic.ttf"; sourceTree = "<group>"; fileEncoding = undefined; lastKnownFileType = unknown; explicitFileType = undefined; includeInIndex = 0; };
		42076E323857485A88078F47 /* RobotoCondensed-Light.ttf */ = {isa = PBXFileReference; name = "RobotoCondensed-Light.ttf"; path = "../assets/fonts/RobotoCondensed-Light.ttf"; sourceTree = "<group>"; fileEncoding = undefined; lastKnownFileType = unknown; explicitFileType = undefined; includeInIndex = 0; };
		7953319E0CE74280ADA57C35 /* RobotoCondensed-LightItalic.ttf */ = {isa = PBXFileReference; name = "RobotoCondensed-LightItalic.ttf"; path = "../assets/fonts/RobotoCondensed-LightItalic.ttf"; sourceTree = "<group>"; fileEncoding = undefined; lastKnownFileType = unknown; explicitFileType = undefined; includeInIndex = 0; };
		EFE0D5E3ADAF46CE94B0C489 /* RobotoCondensed-Regular.ttf */ = {isa = PBXFileReference; name = "RobotoCondensed-Regular.ttf"; path = "../assets/fonts/RobotoCondensed-Regular.ttf"; sourceTree = "<group>"; fileEncoding = undefined; lastKnownFileType = unknown; explicitFileType = undefined; includeInIndex = 0; };
		7C50A458A6D646FB940C8EB3 /* Rubik-Black.ttf */ = {isa = PBXFileReference; name = "Rubik-Black.ttf"; path = "../assets/fonts/Rubik-Black.ttf"; sourceTree = "<group>"; fileEncoding = undefined; lastKnownFileType = unknown; explicitFileType = undefined; includeInIndex = 0; };
		70C2EC188ED44788A796E8EB /* Rubik-Bold.ttf */ = {isa = PBXFileReference; name = "Rubik-Bold.ttf"; path = "../assets/fonts/Rubik-Bold.ttf"; sourceTree = "<group>"; fileEncoding = undefined; lastKnownFileType = unknown; explicitFileType = undefined; includeInIndex = 0; };
		48E235EFCADC47889772AFA1 /* Rubik-Italic.ttf */ = {isa = PBXFileReference; name = "Rubik-Italic.ttf"; path = "../assets/fonts/Rubik-Italic.ttf"; sourceTree = "<group>"; fileEncoding = undefined; lastKnownFileType = unknown; explicitFileType = undefined; includeInIndex = 0; };
		37013322C82D4D9AAF09602D /* Rubik-Light.ttf */ = {isa = PBXFileReference; name = "Rubik-Light.ttf"; path = "../assets/fonts/Rubik-Light.ttf"; sourceTree = "<group>"; fileEncoding = undefined; lastKnownFileType = unknown; explicitFileType = undefined; includeInIndex = 0; };
		1356511EF83B49BF91E7B5CE /* Rubik-Medium.ttf */ = {isa = PBXFileReference; name = "Rubik-Medium.ttf"; path = "../assets/fonts/Rubik-Medium.ttf"; sourceTree = "<group>"; fileEncoding = undefined; lastKnownFileType = unknown; explicitFileType = undefined; includeInIndex = 0; };
		94B5DB0D19CF4BD98CCD462C /* Rubik-Regular.ttf */ = {isa = PBXFileReference; name = "Rubik-Regular.ttf"; path = "../assets/fonts/Rubik-Regular.ttf"; sourceTree = "<group>"; fileEncoding = undefined; lastKnownFileType = unknown; explicitFileType = undefined; includeInIndex = 0; };
		5E17423CDE9C498FA55D1A88 /* AntDesign.ttf */ = {isa = PBXFileReference; name = "AntDesign.ttf"; path = "../node_modules/react-native-vector-icons/Fonts/AntDesign.ttf"; sourceTree = "<group>"; fileEncoding = undefined; lastKnownFileType = unknown; explicitFileType = undefined; includeInIndex = 0; };
		AD604B112AEE480E89FD243D /* Entypo.ttf */ = {isa = PBXFileReference; name = "Entypo.ttf"; path = "../node_modules/react-native-vector-icons/Fonts/Entypo.ttf"; sourceTree = "<group>"; fileEncoding = undefined; lastKnownFileType = unknown; explicitFileType = undefined; includeInIndex = 0; };
		A6FEB78265904D86A241F0F6 /* EvilIcons.ttf */ = {isa = PBXFileReference; name = "EvilIcons.ttf"; path = "../node_modules/react-native-vector-icons/Fonts/EvilIcons.ttf"; sourceTree = "<group>"; fileEncoding = undefined; lastKnownFileType = unknown; explicitFileType = undefined; includeInIndex = 0; };
		BBFB46F791934072886B4EB6 /* Feather.ttf */ = {isa = PBXFileReference; name = "Feather.ttf"; path = "../node_modules/react-native-vector-icons/Fonts/Feather.ttf"; sourceTree = "<group>"; fileEncoding = undefined; lastKnownFileType = unknown; explicitFileType = undefined; includeInIndex = 0; };
		44B60E411B6E4E369117EAFF /* FontAwesome.ttf */ = {isa = PBXFileReference; name = "FontAwesome.ttf"; path = "../node_modules/react-native-vector-icons/Fonts/FontAwesome.ttf"; sourceTree = "<group>"; fileEncoding = undefined; lastKnownFileType = unknown; explicitFileType = undefined; includeInIndex = 0; };
		28095205EE184429AA1D9389 /* FontAwesome5_Brands.ttf */ = {isa = PBXFileReference; name = "FontAwesome5_Brands.ttf"; path = "../node_modules/react-native-vector-icons/Fonts/FontAwesome5_Brands.ttf"; sourceTree = "<group>"; fileEncoding = undefined; lastKnownFileType = unknown; explicitFileType = undefined; includeInIndex = 0; };
		598D9309B66547BF9712845D /* FontAwesome5_Regular.ttf */ = {isa = PBXFileReference; name = "FontAwesome5_Regular.ttf"; path = "../node_modules/react-native-vector-icons/Fonts/FontAwesome5_Regular.ttf"; sourceTree = "<group>"; fileEncoding = undefined; lastKnownFileType = unknown; explicitFileType = undefined; includeInIndex = 0; };
		04CF67D93A48434C81820744 /* FontAwesome5_Solid.ttf */ = {isa = PBXFileReference; name = "FontAwesome5_Solid.ttf"; path = "../node_modules/react-native-vector-icons/Fonts/FontAwesome5_Solid.ttf"; sourceTree = "<group>"; fileEncoding = undefined; lastKnownFileType = unknown; explicitFileType = undefined; includeInIndex = 0; };
		54553072774E49A8A2B6DC40 /* Fontisto.ttf */ = {isa = PBXFileReference; name = "Fontisto.ttf"; path = "../node_modules/react-native-vector-icons/Fonts/Fontisto.ttf"; sourceTree = "<group>"; fileEncoding = undefined; lastKnownFileType = unknown; explicitFileType = undefined; includeInIndex = 0; };
		D04B0683A9B54351AAC586E5 /* Foundation.ttf */ = {isa = PBXFileReference; name = "Foundation.ttf"; path = "../node_modules/react-native-vector-icons/Fonts/Foundation.ttf"; sourceTree = "<group>"; fileEncoding = undefined; lastKnownFileType = unknown; explicitFileType = undefined; includeInIndex = 0; };
		332342DB7C9740BEAC1E26BA /* Ionicons.ttf */ = {isa = PBXFileReference; name = "Ionicons.ttf"; path = "../node_modules/react-native-vector-icons/Fonts/Ionicons.ttf"; sourceTree = "<group>"; fileEncoding = undefined; lastKnownFileType = unknown; explicitFileType = undefined; includeInIndex = 0; };
		2F422F8EE93E45E6BCBFBF88 /* MaterialCommunityIcons.ttf */ = {isa = PBXFileReference; name = "MaterialCommunityIcons.ttf"; path = "../node_modules/react-native-vector-icons/Fonts/MaterialCommunityIcons.ttf"; sourceTree = "<group>"; fileEncoding = undefined; lastKnownFileType = unknown; explicitFileType = undefined; includeInIndex = 0; };
		C68CF1F3E2874B588261422B /* MaterialIcons.ttf */ = {isa = PBXFileReference; name = "MaterialIcons.ttf"; path = "../node_modules/react-native-vector-icons/Fonts/MaterialIcons.ttf"; sourceTree = "<group>"; fileEncoding = undefined; lastKnownFileType = unknown; explicitFileType = undefined; includeInIndex = 0; };
		C5AA1CA94D2643C790DA77A6 /* Octicons.ttf */ = {isa = PBXFileReference; name = "Octicons.ttf"; path = "../node_modules/react-native-vector-icons/Fonts/Octicons.ttf"; sourceTree = "<group>"; fileEncoding = undefined; lastKnownFileType = unknown; explicitFileType = undefined; includeInIndex = 0; };
		6A75B4B8A9404C22AE9CD8ED /* SimpleLineIcons.ttf */ = {isa = PBXFileReference; name = "SimpleLineIcons.ttf"; path = "../node_modules/react-native-vector-icons/Fonts/SimpleLineIcons.ttf"; sourceTree = "<group>"; fileEncoding = undefined; lastKnownFileType = unknown; explicitFileType = undefined; includeInIndex = 0; };
		76DEA43AEEF44C82AC250E61 /* Zocial.ttf */ = {isa = PBXFileReference; name = "Zocial.ttf"; path = "../node_modules/react-native-vector-icons/Fonts/Zocial.ttf"; sourceTree = "<group>"; fileEncoding = undefined; lastKnownFileType = unknown; explicitFileType = undefined; includeInIndex = 0; };
/* End PBXFileReference section */

/* Begin PBXFrameworksBuildPhase section */
		00E356EB1AD99517003FC87E /* Frameworks */ = {
			isa = PBXFrameworksBuildPhase;
			buildActionMask = 2147483647;
			files = (
			);
			runOnlyForDeploymentPostprocessing = 0;
		};
		13B07F8C1A680F5B00A75B9A /* Frameworks */ = {
			isa = PBXFrameworksBuildPhase;
			buildActionMask = 2147483647;
			files = (
			);
			runOnlyForDeploymentPostprocessing = 0;
		};
/* End PBXFrameworksBuildPhase section */

/* Begin PBXGroup section */
		00E356EF1AD99517003FC87E /* ALSConnectTests */ = {
			isa = PBXGroup;
			children = (
				00E356F21AD99517003FC87E /* ALSConnectTests.m */,
				00E356F01AD99517003FC87E /* Supporting Files */,
			);
			path = ALSConnectTests;
			sourceTree = "<group>";
		};
		00E356F01AD99517003FC87E /* Supporting Files */ = {
			isa = PBXGroup;
			children = (
				00E356F11AD99517003FC87E /* Info.plist */,
			);
			name = "Supporting Files";
			sourceTree = "<group>";
		};
		13B07FAE1A68108700A75B9A /* ALSConnect */ = {
			isa = PBXGroup;
			children = (
				13B07FAF1A68108700A75B9A /* AppDelegate.h */,
				13B07FB01A68108700A75B9A /* AppDelegate.m */,
				13B07FB51A68108700A75B9A /* Images.xcassets */,
				13B07FB61A68108700A75B9A /* Info.plist */,
				81AB9BB72411601600AC10FF /* LaunchScreen.storyboard */,
				13B07FB71A68108700A75B9A /* main.m */,
			);
			name = ALSConnect;
			sourceTree = "<group>";
		};
		2D16E6871FA4F8E400B85C8A /* Frameworks */ = {
			isa = PBXGroup;
			children = (
				ED297162215061F000B7C4FE /* JavaScriptCore.framework */,
			);
			name = Frameworks;
			sourceTree = "<group>";
		};
		832341AE1AAA6A7D00B99B32 /* Libraries */ = {
			isa = PBXGroup;
			children = (
			);
			name = Libraries;
			sourceTree = "<group>";
		};
		83CBB9F61A601CBA00E9B192 = {
			isa = PBXGroup;
			children = (
				13B07FAE1A68108700A75B9A /* ALSConnect */,
				832341AE1AAA6A7D00B99B32 /* Libraries */,
				00E356EF1AD99517003FC87E /* ALSConnectTests */,
				83CBBA001A601CBA00E9B192 /* Products */,
				2D16E6871FA4F8E400B85C8A /* Frameworks */,
				8C11B943E5774CE8B69A54E2 /* Resources */,
			);
			indentWidth = 2;
			sourceTree = "<group>";
			tabWidth = 2;
			usesTabs = 0;
		};
		83CBBA001A601CBA00E9B192 /* Products */ = {
			isa = PBXGroup;
			children = (
				13B07F961A680F5B00A75B9A /* ALSConnect.app */,
				00E356EE1AD99517003FC87E /* ALSConnectTests.xctest */,
			);
			name = Products;
			sourceTree = "<group>";
		};
		8C11B943E5774CE8B69A54E2 /* Resources */ = {
			isa = "PBXGroup";
			children = (
				CA944A680777484C881996EF /* OpenSans-Bold.ttf */,
				387F02BA10E84505B2D5DA7F /* OpenSans-Regular.ttf */,
				598E41C1305E48B1B87CA17E /* Poppins-Black.ttf */,
				1CA6DC50AA89423F90D37381 /* Poppins-BlackItalic.ttf */,
				49D49CA47C3546CD8D3D69C2 /* Poppins-Bold.ttf */,
				BFCC26CE383C49158821EE7F /* Poppins-BoldItalic.ttf */,
				632DAA62F043449EB28ACD52 /* Poppins-ExtraBold.ttf */,
				489C688996B24D13AF910C2E /* Poppins-ExtraBoldItalic.ttf */,
				CFB0881A81404DFF9B8152EB /* Poppins-ExtraLight.ttf */,
				BAB41D6CD832433EBFD06EC4 /* Poppins-ExtraLightItalic.ttf */,
				298BEA74C5024573B84645D2 /* Poppins-Italic.ttf */,
				B1D900238E4B42F791A8C2FA /* Poppins-Light.ttf */,
				D9CFA9148E3844549C7252EC /* Poppins-LightItalic.ttf */,
				F7BBCD15E38A4530A9C34093 /* Poppins-Medium.ttf */,
				D9896B103FE4491598EC5533 /* Poppins-MediumItalic.ttf */,
				A19F31DE904242AD8EF76722 /* Poppins-Regular.ttf */,
				82567ABBFB33457295F576EB /* Poppins-SemiBold.ttf */,
				648EF8817A91493CB1B07AE5 /* Poppins-SemiBoldItalic.ttf */,
				0D37FCBCD9F74C4E966D6519 /* Poppins-Thin.ttf */,
				B2CF8E2C5B094FD5AD8B1A1E /* Poppins-ThinItalic.ttf */,
				56A4148350E4424091B12ADB /* Roboto-Black.ttf */,
				0B6CD4C40D424E0A8D254FAA /* Roboto-BlackItalic.ttf */,
				A75D4C7DD55D4C5CB9696246 /* Roboto-Bold.ttf */,
				4517379153EA44FAABDB7CEC /* Roboto-BoldItalic.ttf */,
				7CDF88A88FA7457B81066412 /* Roboto-Italic.ttf */,
				944A2746CF5E48A99FE8D5A8 /* Roboto-Light.ttf */,
				02FABA6EC616485DB64A5AC8 /* Roboto-LightItalic.ttf */,
				B2FCBCCD117747A0BB8D785A /* Roboto-Medium.ttf */,
				0EAB985790AE4260B56DBF34 /* Roboto-MediumItalic.ttf */,
				6A2E6EDD11A34334B0568279 /* Roboto-Regular.ttf */,
				940855431ADD4A53B09F461D /* Roboto-Thin.ttf */,
				EEEB3F2DAA6F40C8AA8EC279 /* Roboto-ThinItalic.ttf */,
				D8FFAEF385A04696B43CEA20 /* RobotoCondensed-Bold.ttf */,
				52512FF547EA4EA4939BE3A5 /* RobotoCondensed-BoldItalic.ttf */,
				0F14141EC46548FE8F1D256B /* RobotoCondensed-Italic.ttf */,
				42076E323857485A88078F47 /* RobotoCondensed-Light.ttf */,
				7953319E0CE74280ADA57C35 /* RobotoCondensed-LightItalic.ttf */,
				EFE0D5E3ADAF46CE94B0C489 /* RobotoCondensed-Regular.ttf */,
				7C50A458A6D646FB940C8EB3 /* Rubik-Black.ttf */,
				70C2EC188ED44788A796E8EB /* Rubik-Bold.ttf */,
				48E235EFCADC47889772AFA1 /* Rubik-Italic.ttf */,
				37013322C82D4D9AAF09602D /* Rubik-Light.ttf */,
				1356511EF83B49BF91E7B5CE /* Rubik-Medium.ttf */,
				94B5DB0D19CF4BD98CCD462C /* Rubik-Regular.ttf */,
				5E17423CDE9C498FA55D1A88 /* AntDesign.ttf */,
				AD604B112AEE480E89FD243D /* Entypo.ttf */,
				A6FEB78265904D86A241F0F6 /* EvilIcons.ttf */,
				BBFB46F791934072886B4EB6 /* Feather.ttf */,
				44B60E411B6E4E369117EAFF /* FontAwesome.ttf */,
				28095205EE184429AA1D9389 /* FontAwesome5_Brands.ttf */,
				598D9309B66547BF9712845D /* FontAwesome5_Regular.ttf */,
				04CF67D93A48434C81820744 /* FontAwesome5_Solid.ttf */,
				54553072774E49A8A2B6DC40 /* Fontisto.ttf */,
				D04B0683A9B54351AAC586E5 /* Foundation.ttf */,
				332342DB7C9740BEAC1E26BA /* Ionicons.ttf */,
				2F422F8EE93E45E6BCBFBF88 /* MaterialCommunityIcons.ttf */,
				C68CF1F3E2874B588261422B /* MaterialIcons.ttf */,
				C5AA1CA94D2643C790DA77A6 /* Octicons.ttf */,
				6A75B4B8A9404C22AE9CD8ED /* SimpleLineIcons.ttf */,
				76DEA43AEEF44C82AC250E61 /* Zocial.ttf */,
			);
			name = Resources;
			sourceTree = "<group>";
			path = "";
		};
/* End PBXGroup section */

/* Begin PBXNativeTarget section */
		00E356ED1AD99517003FC87E /* ALSConnectTests */ = {
			isa = PBXNativeTarget;
			buildConfigurationList = 00E357021AD99517003FC87E /* Build configuration list for PBXNativeTarget "ALSConnectTests" */;
			buildPhases = (
				00E356EA1AD99517003FC87E /* Sources */,
				00E356EB1AD99517003FC87E /* Frameworks */,
				00E356EC1AD99517003FC87E /* Resources */,
			);
			buildRules = (
			);
			dependencies = (
				00E356F51AD99517003FC87E /* PBXTargetDependency */,
			);
			name = ALSConnectTests;
			productName = ALSConnectTests;
			productReference = 00E356EE1AD99517003FC87E /* ALSConnectTests.xctest */;
			productType = "com.apple.product-type.bundle.unit-test";
		};
		13B07F861A680F5B00A75B9A /* ALSConnect */ = {
			isa = PBXNativeTarget;
			buildConfigurationList = 13B07F931A680F5B00A75B9A /* Build configuration list for PBXNativeTarget "ALSConnect" */;
			buildPhases = (
				FD10A7F022414F080027D42C /* Start Packager */,
				13B07F871A680F5B00A75B9A /* Sources */,
				13B07F8C1A680F5B00A75B9A /* Frameworks */,
				13B07F8E1A680F5B00A75B9A /* Resources */,
				00DD1BFF1BD5951E006B06BC /* Bundle React Native code and images */,
			);
			buildRules = (
			);
			dependencies = (
			);
			name = ALSConnect;
			productName = ALSConnect;
			productReference = 13B07F961A680F5B00A75B9A /* ALSConnect.app */;
			productType = "com.apple.product-type.application";
		};
/* End PBXNativeTarget section */

/* Begin PBXProject section */
		83CBB9F71A601CBA00E9B192 /* Project object */ = {
			isa = PBXProject;
			attributes = {
				LastUpgradeCheck = 1210;
				TargetAttributes = {
					00E356ED1AD99517003FC87E = {
						CreatedOnToolsVersion = 6.2;
						TestTargetID = 13B07F861A680F5B00A75B9A;
					};
					13B07F861A680F5B00A75B9A = {
						LastSwiftMigration = 1120;
					};
				};
			};
			buildConfigurationList = 83CBB9FA1A601CBA00E9B192 /* Build configuration list for PBXProject "ALSConnect" */;
			compatibilityVersion = "Xcode 12.0";
			developmentRegion = en;
			hasScannedForEncodings = 0;
			knownRegions = (
				en,
				Base,
			);
			mainGroup = 83CBB9F61A601CBA00E9B192;
			productRefGroup = 83CBBA001A601CBA00E9B192 /* Products */;
			projectDirPath = "";
			projectRoot = "";
			targets = (
				13B07F861A680F5B00A75B9A /* ALSConnect */,
				00E356ED1AD99517003FC87E /* ALSConnectTests */,
			);
		};
/* End PBXProject section */

/* Begin PBXResourcesBuildPhase section */
		00E356EC1AD99517003FC87E /* Resources */ = {
			isa = PBXResourcesBuildPhase;
			buildActionMask = 2147483647;
			files = (
			);
			runOnlyForDeploymentPostprocessing = 0;
		};
		13B07F8E1A680F5B00A75B9A /* Resources */ = {
			isa = PBXResourcesBuildPhase;
			buildActionMask = 2147483647;
			files = (
				81AB9BB82411601600AC10FF /* LaunchScreen.storyboard in Resources */,
				13B07FBF1A68108700A75B9A /* Images.xcassets in Resources */,
				4A3B1D00F53546EEAA505AA3 /* OpenSans-Bold.ttf in Resources */,
				791EC12B4DA846DF90788B3F /* OpenSans-Regular.ttf in Resources */,
				A935545497F148E786FD9B35 /* Poppins-Black.ttf in Resources */,
				65C657AE9BCE494C8D85F274 /* Poppins-BlackItalic.ttf in Resources */,
				0A6C71FE98C64F50BF7401D5 /* Poppins-Bold.ttf in Resources */,
				93FF872C41394CCFBA42FBCB /* Poppins-BoldItalic.ttf in Resources */,
				21E034E81AF048DD965B57DA /* Poppins-ExtraBold.ttf in Resources */,
				A2BFECF6B1314EA9A26FAD1A /* Poppins-ExtraBoldItalic.ttf in Resources */,
				E3D8013F9F7248E5A4A77F6E /* Poppins-ExtraLight.ttf in Resources */,
				78CFC9F58766425C8F0EFCD0 /* Poppins-ExtraLightItalic.ttf in Resources */,
				537994A1413E4A9FB16ADB3E /* Poppins-Italic.ttf in Resources */,
				B84465409F384538B9A24FD7 /* Poppins-Light.ttf in Resources */,
				C5F3992296A34F1C9240B345 /* Poppins-LightItalic.ttf in Resources */,
				D47206E1DCA74D9C8A232CF5 /* Poppins-Medium.ttf in Resources */,
				45C5273A2BA54FFE80CF6FF3 /* Poppins-MediumItalic.ttf in Resources */,
				447F0D36F3BE418B849EFFC7 /* Poppins-Regular.ttf in Resources */,
				C865097338A949C894689FD3 /* Poppins-SemiBold.ttf in Resources */,
				23357685F4234F50827B35EA /* Poppins-SemiBoldItalic.ttf in Resources */,
				541E5132A1344EAE83A23F6A /* Poppins-Thin.ttf in Resources */,
				2720ED2DF9BC4B2CA4CFE7FB /* Poppins-ThinItalic.ttf in Resources */,
				DB080462E1D94299B316D6D0 /* Roboto-Black.ttf in Resources */,
				4B534D4F590042058E1B3130 /* Roboto-BlackItalic.ttf in Resources */,
				F8B68A93FD2E4AF2902407E9 /* Roboto-Bold.ttf in Resources */,
				8D8967FE43A243B596722B26 /* Roboto-BoldItalic.ttf in Resources */,
				3B0AA4D19A9042D69872371A /* Roboto-Italic.ttf in Resources */,
				0854C9D043F843BAAE9CF7F5 /* Roboto-Light.ttf in Resources */,
				88E069295DAC4C918A5DEA9D /* Roboto-LightItalic.ttf in Resources */,
				926BECA4B0254B74AABFA171 /* Roboto-Medium.ttf in Resources */,
				E7B53585830742E5A35717F5 /* Roboto-MediumItalic.ttf in Resources */,
				BCEA130780A1406CBD10A2FF /* Roboto-Regular.ttf in Resources */,
				81214AE19D48448B9362E0F8 /* Roboto-Thin.ttf in Resources */,
				0468EC54E984453287C0F1F8 /* Roboto-ThinItalic.ttf in Resources */,
				201BB9AD6E224086AA842F5B /* RobotoCondensed-Bold.ttf in Resources */,
				DFF664F15FA748C29A594C70 /* RobotoCondensed-BoldItalic.ttf in Resources */,
				F73C690A37DE4B75A34B4AEE /* RobotoCondensed-Italic.ttf in Resources */,
				818F8CE77F424E1BA94CD795 /* RobotoCondensed-Light.ttf in Resources */,
				219ECD8C7DDE491CAAA21BBC /* RobotoCondensed-LightItalic.ttf in Resources */,
				890F1D05A3424E4996587391 /* RobotoCondensed-Regular.ttf in Resources */,
				3252F1167E784B8281E742BA /* Rubik-Black.ttf in Resources */,
				0F86257EC7304219B9A25FEB /* Rubik-Bold.ttf in Resources */,
				F00870E5858341D9AC7253C3 /* Rubik-Italic.ttf in Resources */,
				8DA05C3558834EBF8124491F /* Rubik-Light.ttf in Resources */,
				324E949D1D4641689C3A8D58 /* Rubik-Medium.ttf in Resources */,
				34FB41EFA53C43C283F6CC9B /* Rubik-Regular.ttf in Resources */,
				50E242D0B2674467AF03F2F3 /* AntDesign.ttf in Resources */,
				761736A55485476CB8D6B3E6 /* Entypo.ttf in Resources */,
				A558C76979B44E5D8EC72221 /* EvilIcons.ttf in Resources */,
				8304AC075DE84FB99EE25CD9 /* Feather.ttf in Resources */,
				0ECB40840F7A4F8D816BE693 /* FontAwesome.ttf in Resources */,
				1C0B716BBAD140018BE8CB98 /* FontAwesome5_Brands.ttf in Resources */,
				3188CD278D3F4623B0AC83CE /* FontAwesome5_Regular.ttf in Resources */,
				44059A5AD84D46F690CD2460 /* FontAwesome5_Solid.ttf in Resources */,
				3C29F2E110674EFF8D28FB5C /* Fontisto.ttf in Resources */,
				1C18FA29D72E472792527DD5 /* Foundation.ttf in Resources */,
				E283AF7A0767410D9A2C9804 /* Ionicons.ttf in Resources */,
				C5592C9CBB674139926C9FC8 /* MaterialCommunityIcons.ttf in Resources */,
				F0D8F2CCDE6241F582EF541F /* MaterialIcons.ttf in Resources */,
				024D0EE0603642F2BF098276 /* Octicons.ttf in Resources */,
				8BA8EF486E6245BEA63CB5D5 /* SimpleLineIcons.ttf in Resources */,
				C82BCDA658BA46D5AFDC0EA4 /* Zocial.ttf in Resources */,
			);
			runOnlyForDeploymentPostprocessing = 0;
		};
/* End PBXResourcesBuildPhase section */

/* Begin PBXShellScriptBuildPhase section */
		00DD1BFF1BD5951E006B06BC /* Bundle React Native code and images */ = {
			isa = PBXShellScriptBuildPhase;
			buildActionMask = 2147483647;
			files = (
			);
			inputPaths = (
			);
			name = "Bundle React Native code and images";
			outputPaths = (
			);
			runOnlyForDeploymentPostprocessing = 0;
			shellPath = /bin/sh;
			shellScript = "set -e\n\nexport NODE_BINARY=node\n../node_modules/react-native/scripts/react-native-xcode.sh\n";
		};
		FD10A7F022414F080027D42C /* Start Packager */ = {
			isa = PBXShellScriptBuildPhase;
			buildActionMask = 2147483647;
			files = (
			);
			inputFileListPaths = (
			);
			inputPaths = (
			);
			name = "Start Packager";
			outputFileListPaths = (
			);
			outputPaths = (
			);
			runOnlyForDeploymentPostprocessing = 0;
			shellPath = /bin/sh;
			shellScript = "export RCT_METRO_PORT=\"${RCT_METRO_PORT:=8081}\"\necho \"export RCT_METRO_PORT=${RCT_METRO_PORT}\" > \"${SRCROOT}/../node_modules/react-native/scripts/.packager.env\"\nif [ -z \"${RCT_NO_LAUNCH_PACKAGER+xxx}\" ] ; then\n  if nc -w 5 -z localhost ${RCT_METRO_PORT} ; then\n    if ! curl -s \"http://localhost:${RCT_METRO_PORT}/status\" | grep -q \"packager-status:running\" ; then\n      echo \"Port ${RCT_METRO_PORT} already in use, packager is either not running or not running correctly\"\n      exit 2\n    fi\n  else\n    open \"$SRCROOT/../node_modules/react-native/scripts/launchPackager.command\" || echo \"Can't start packager automatically\"\n  fi\nfi\n";
			showEnvVarsInLog = 0;
		};
/* End PBXShellScriptBuildPhase section */

/* Begin PBXSourcesBuildPhase section */
		00E356EA1AD99517003FC87E /* Sources */ = {
			isa = PBXSourcesBuildPhase;
			buildActionMask = 2147483647;
			files = (
				00E356F31AD99517003FC87E /* ALSConnectTests.m in Sources */,
			);
			runOnlyForDeploymentPostprocessing = 0;
		};
		13B07F871A680F5B00A75B9A /* Sources */ = {
			isa = PBXSourcesBuildPhase;
			buildActionMask = 2147483647;
			files = (
				13B07FBC1A68108700A75B9A /* AppDelegate.m in Sources */,
				13B07FC11A68108700A75B9A /* main.m in Sources */,
			);
			runOnlyForDeploymentPostprocessing = 0;
		};
/* End PBXSourcesBuildPhase section */

/* Begin PBXTargetDependency section */
		00E356F51AD99517003FC87E /* PBXTargetDependency */ = {
			isa = PBXTargetDependency;
			target = 13B07F861A680F5B00A75B9A /* ALSConnect */;
			targetProxy = 00E356F41AD99517003FC87E /* PBXContainerItemProxy */;
		};
/* End PBXTargetDependency section */

/* Begin XCBuildConfiguration section */
		00E356F61AD99517003FC87E /* Debug */ = {
			isa = XCBuildConfiguration;
			buildSettings = {
				BUNDLE_LOADER = "$(TEST_HOST)";
				GCC_PREPROCESSOR_DEFINITIONS = (
					"DEBUG=1",
					"$(inherited)",
				);
				INFOPLIST_FILE = ALSConnectTests/Info.plist;
				IPHONEOS_DEPLOYMENT_TARGET = 11.0;
				LD_RUNPATH_SEARCH_PATHS = (
					"$(inherited)",
					"@executable_path/Frameworks",
					"@loader_path/Frameworks",
				);
				OTHER_LDFLAGS = (
					"-ObjC",
					"-lc++",
					"$(inherited)",
				);
				PRODUCT_BUNDLE_IDENTIFIER = "org.reactjs.native.example.$(PRODUCT_NAME:rfc1034identifier)";
				PRODUCT_NAME = "$(TARGET_NAME)";
				TEST_HOST = "$(BUILT_PRODUCTS_DIR)/ALSConnect.app/ALSConnect";
			};
			name = Debug;
		};
		00E356F71AD99517003FC87E /* Release */ = {
			isa = XCBuildConfiguration;
			buildSettings = {
				BUNDLE_LOADER = "$(TEST_HOST)";
				COPY_PHASE_STRIP = NO;
				INFOPLIST_FILE = ALSConnectTests/Info.plist;
				IPHONEOS_DEPLOYMENT_TARGET = 11.0;
				LD_RUNPATH_SEARCH_PATHS = (
					"$(inherited)",
					"@executable_path/Frameworks",
					"@loader_path/Frameworks",
				);
				OTHER_LDFLAGS = (
					"-ObjC",
					"-lc++",
					"$(inherited)",
				);
				PRODUCT_BUNDLE_IDENTIFIER = "org.reactjs.native.example.$(PRODUCT_NAME:rfc1034identifier)";
				PRODUCT_NAME = "$(TARGET_NAME)";
				TEST_HOST = "$(BUILT_PRODUCTS_DIR)/ALSConnect.app/ALSConnect";
			};
			name = Release;
		};
		13B07F941A680F5B00A75B9A /* Debug */ = {
			isa = XCBuildConfiguration;
			buildSettings = {
				ASSETCATALOG_COMPILER_APPICON_NAME = AppIcon;
				CLANG_ENABLE_MODULES = YES;
				CURRENT_PROJECT_VERSION = 1;
				ENABLE_BITCODE = NO;
				INFOPLIST_FILE = ALSConnect/Info.plist;
				LD_RUNPATH_SEARCH_PATHS = (
					"$(inherited)",
					"@executable_path/Frameworks",
				);
				OTHER_LDFLAGS = (
					"$(inherited)",
					"-ObjC",
					"-lc++",
				);
				PRODUCT_BUNDLE_IDENTIFIER = "org.reactjs.native.example.$(PRODUCT_NAME:rfc1034identifier)";
				PRODUCT_NAME = ALSConnect;
				SWIFT_OPTIMIZATION_LEVEL = "-Onone";
				SWIFT_VERSION = 5.0;
				VERSIONING_SYSTEM = "apple-generic";
			};
			name = Debug;
		};
		13B07F951A680F5B00A75B9A /* Release */ = {
			isa = XCBuildConfiguration;
			buildSettings = {
				ASSETCATALOG_COMPILER_APPICON_NAME = AppIcon;
				CLANG_ENABLE_MODULES = YES;
				CURRENT_PROJECT_VERSION = 1;
				INFOPLIST_FILE = ALSConnect/Info.plist;
				LD_RUNPATH_SEARCH_PATHS = (
					"$(inherited)",
					"@executable_path/Frameworks",
				);
				OTHER_LDFLAGS = (
					"$(inherited)",
					"-ObjC",
					"-lc++",
				);
				PRODUCT_BUNDLE_IDENTIFIER = "org.reactjs.native.example.$(PRODUCT_NAME:rfc1034identifier)";
				PRODUCT_NAME = ALSConnect;
				SWIFT_VERSION = 5.0;
				VERSIONING_SYSTEM = "apple-generic";
			};
			name = Release;
		};
		83CBBA201A601CBA00E9B192 /* Debug */ = {
			isa = XCBuildConfiguration;
			buildSettings = {
				ALWAYS_SEARCH_USER_PATHS = NO;
				CLANG_ANALYZER_LOCALIZABILITY_NONLOCALIZED = YES;
				CLANG_CXX_LANGUAGE_STANDARD = "gnu++0x";
				CLANG_CXX_LIBRARY = "libc++";
				CLANG_ENABLE_MODULES = YES;
				CLANG_ENABLE_OBJC_ARC = YES;
				CLANG_WARN_BLOCK_CAPTURE_AUTORELEASING = YES;
				CLANG_WARN_BOOL_CONVERSION = YES;
				CLANG_WARN_COMMA = YES;
				CLANG_WARN_CONSTANT_CONVERSION = YES;
				CLANG_WARN_DEPRECATED_OBJC_IMPLEMENTATIONS = YES;
				CLANG_WARN_DIRECT_OBJC_ISA_USAGE = YES_ERROR;
				CLANG_WARN_EMPTY_BODY = YES;
				CLANG_WARN_ENUM_CONVERSION = YES;
				CLANG_WARN_INFINITE_RECURSION = YES;
				CLANG_WARN_INT_CONVERSION = YES;
				CLANG_WARN_NON_LITERAL_NULL_CONVERSION = YES;
				CLANG_WARN_OBJC_IMPLICIT_RETAIN_SELF = YES;
				CLANG_WARN_OBJC_LITERAL_CONVERSION = YES;
				CLANG_WARN_OBJC_ROOT_CLASS = YES_ERROR;
				CLANG_WARN_QUOTED_INCLUDE_IN_FRAMEWORK_HEADER = YES;
				CLANG_WARN_RANGE_LOOP_ANALYSIS = YES;
				CLANG_WARN_STRICT_PROTOTYPES = YES;
				CLANG_WARN_SUSPICIOUS_MOVE = YES;
				CLANG_WARN_UNREACHABLE_CODE = YES;
				CLANG_WARN__DUPLICATE_METHOD_MATCH = YES;
				"CODE_SIGN_IDENTITY[sdk=iphoneos*]" = "iPhone Developer";
				COPY_PHASE_STRIP = NO;
				ENABLE_STRICT_OBJC_MSGSEND = YES;
				ENABLE_TESTABILITY = YES;
				GCC_C_LANGUAGE_STANDARD = gnu99;
				GCC_DYNAMIC_NO_PIC = NO;
				GCC_NO_COMMON_BLOCKS = YES;
				GCC_OPTIMIZATION_LEVEL = 0;
				GCC_PREPROCESSOR_DEFINITIONS = (
					"DEBUG=1",
					"$(inherited)",
				);
				GCC_SYMBOLS_PRIVATE_EXTERN = NO;
				GCC_WARN_64_TO_32_BIT_CONVERSION = YES;
				GCC_WARN_ABOUT_RETURN_TYPE = YES_ERROR;
				GCC_WARN_UNDECLARED_SELECTOR = YES;
				GCC_WARN_UNINITIALIZED_AUTOS = YES_AGGRESSIVE;
				GCC_WARN_UNUSED_FUNCTION = YES;
				GCC_WARN_UNUSED_VARIABLE = YES;
				IPHONEOS_DEPLOYMENT_TARGET = 11.0;
				LD_RUNPATH_SEARCH_PATHS = (
					/usr/lib/swift,
					"$(inherited)",
				);
				LIBRARY_SEARCH_PATHS = (
					"\"$(SDKROOT)/usr/lib/swift\"",
					"\"$(TOOLCHAIN_DIR)/usr/lib/swift/$(PLATFORM_NAME)\"",
					"\"$(TOOLCHAIN_DIR)/usr/lib/swift-5.0/$(PLATFORM_NAME)\"",
					"\"$(inherited)\"",
				);
				MTL_ENABLE_DEBUG_INFO = YES;
				ONLY_ACTIVE_ARCH = YES;
				SDKROOT = iphoneos;
			};
			name = Debug;
		};
		83CBBA211A601CBA00E9B192 /* Release */ = {
			isa = XCBuildConfiguration;
			buildSettings = {
				ALWAYS_SEARCH_USER_PATHS = NO;
				CLANG_ANALYZER_LOCALIZABILITY_NONLOCALIZED = YES;
				CLANG_CXX_LANGUAGE_STANDARD = "gnu++0x";
				CLANG_CXX_LIBRARY = "libc++";
				CLANG_ENABLE_MODULES = YES;
				CLANG_ENABLE_OBJC_ARC = YES;
				CLANG_WARN_BLOCK_CAPTURE_AUTORELEASING = YES;
				CLANG_WARN_BOOL_CONVERSION = YES;
				CLANG_WARN_COMMA = YES;
				CLANG_WARN_CONSTANT_CONVERSION = YES;
				CLANG_WARN_DEPRECATED_OBJC_IMPLEMENTATIONS = YES;
				CLANG_WARN_DIRECT_OBJC_ISA_USAGE = YES_ERROR;
				CLANG_WARN_EMPTY_BODY = YES;
				CLANG_WARN_ENUM_CONVERSION = YES;
				CLANG_WARN_INFINITE_RECURSION = YES;
				CLANG_WARN_INT_CONVERSION = YES;
				CLANG_WARN_NON_LITERAL_NULL_CONVERSION = YES;
				CLANG_WARN_OBJC_IMPLICIT_RETAIN_SELF = YES;
				CLANG_WARN_OBJC_LITERAL_CONVERSION = YES;
				CLANG_WARN_OBJC_ROOT_CLASS = YES_ERROR;
				CLANG_WARN_QUOTED_INCLUDE_IN_FRAMEWORK_HEADER = YES;
				CLANG_WARN_RANGE_LOOP_ANALYSIS = YES;
				CLANG_WARN_STRICT_PROTOTYPES = YES;
				CLANG_WARN_SUSPICIOUS_MOVE = YES;
				CLANG_WARN_UNREACHABLE_CODE = YES;
				CLANG_WARN__DUPLICATE_METHOD_MATCH = YES;
				"CODE_SIGN_IDENTITY[sdk=iphoneos*]" = "iPhone Developer";
				COPY_PHASE_STRIP = YES;
				ENABLE_NS_ASSERTIONS = NO;
				ENABLE_STRICT_OBJC_MSGSEND = YES;
				GCC_C_LANGUAGE_STANDARD = gnu99;
				GCC_NO_COMMON_BLOCKS = YES;
				GCC_WARN_64_TO_32_BIT_CONVERSION = YES;
				GCC_WARN_ABOUT_RETURN_TYPE = YES_ERROR;
				GCC_WARN_UNDECLARED_SELECTOR = YES;
				GCC_WARN_UNINITIALIZED_AUTOS = YES_AGGRESSIVE;
				GCC_WARN_UNUSED_FUNCTION = YES;
				GCC_WARN_UNUSED_VARIABLE = YES;
				IPHONEOS_DEPLOYMENT_TARGET = 11.0;
				LD_RUNPATH_SEARCH_PATHS = (
					/usr/lib/swift,
					"$(inherited)",
				);
				LIBRARY_SEARCH_PATHS = (
					"\"$(SDKROOT)/usr/lib/swift\"",
					"\"$(TOOLCHAIN_DIR)/usr/lib/swift/$(PLATFORM_NAME)\"",
					"\"$(TOOLCHAIN_DIR)/usr/lib/swift-5.0/$(PLATFORM_NAME)\"",
					"\"$(inherited)\"",
				);
				MTL_ENABLE_DEBUG_INFO = NO;
				SDKROOT = iphoneos;
				VALIDATE_PRODUCT = YES;
			};
			name = Release;
		};
/* End XCBuildConfiguration section */

/* Begin XCConfigurationList section */
		00E357021AD99517003FC87E /* Build configuration list for PBXNativeTarget "ALSConnectTests" */ = {
			isa = XCConfigurationList;
			buildConfigurations = (
				00E356F61AD99517003FC87E /* Debug */,
				00E356F71AD99517003FC87E /* Release */,
			);
			defaultConfigurationIsVisible = 0;
			defaultConfigurationName = Release;
		};
		13B07F931A680F5B00A75B9A /* Build configuration list for PBXNativeTarget "ALSConnect" */ = {
			isa = XCConfigurationList;
			buildConfigurations = (
				13B07F941A680F5B00A75B9A /* Debug */,
				13B07F951A680F5B00A75B9A /* Release */,
			);
			defaultConfigurationIsVisible = 0;
			defaultConfigurationName = Release;
		};
		83CBB9FA1A601CBA00E9B192 /* Build configuration list for PBXProject "ALSConnect" */ = {
			isa = XCConfigurationList;
			buildConfigurations = (
				83CBBA201A601CBA00E9B192 /* Debug */,
				83CBBA211A601CBA00E9B192 /* Release */,
			);
			defaultConfigurationIsVisible = 0;
			defaultConfigurationName = Release;
		};
/* End XCConfigurationList section */
	};
	rootObject = 83CBB9F71A601CBA00E9B192 /* Project object */;
}
